
Microsoft Visual Studio Solution File, Format Version 12.00
# Visual Studio Version 17
VisualStudioVersion = 17.13.35919.96 d17.13
MinimumVisualStudioVersion = 10.0.40219.1
Project("{FAE04EC0-301F-11D3-BF4B-00C04F79EFBC}") = "cSharp_Basics", "cSharp_Basics\cSharp_Basics.csproj", "{44595225-7D13-4FA2-AAA5-555A480D6674}"
EndProject
Global
	GlobalSection(SolutionConfigurationPlatforms) = preSolution
		Debug|Any CPU = Debug|Any CPU
		Release|Any CPU = Release|Any CPU
	EndGlobalSection
	GlobalSection(ProjectConfigurationPlatforms) = postSolution
		{44595225-7D13-4FA2-AAA5-555A480D6674}.Debug|Any CPU.ActiveCfg = Debug|Any CPU
		{44595225-7D13-4FA2-AAA5-555A480D6674}.Debug|Any CPU.Build.0 = Debug|Any CPU
		{44595225-7D13-4FA2-AAA5-555A480D6674}.Release|Any CPU.ActiveCfg = Release|Any CPU
		{44595225-7D13-4FA2-AAA5-555A480D6674}.Release|Any CPU.Build.0 = Release|Any CPU
	EndGlobalSection
	GlobalSection(SolutionProperties) = preSolution
		HideSolutionNode = FALSE
	EndGlobalSection
	GlobalSection(ExtensibilityGlobals) = postSolution
		SolutionGuid = {5D11D337-EF65-4902-95CD-8400464B1A0C}
	EndGlobalSection
EndGlobal
